
Microsoft Visual Studio Solution File, Format Version 12.00
# Visual Studio Version 17
VisualStudioVersion = 17.11.35219.272
MinimumVisualStudioVersion = 10.0.40219.1
Project("{FAE04EC0-301F-11D3-BF4B-00C04F79EFBC}") = "JWTauthendicatoin", "JWTauthendicatoin\JWTauthendicatoin.csproj", "{A029BA64-D9DB-47F0-A547-EC13A8CD8B0C}"
EndProject
Global
	GlobalSection(SolutionConfigurationPlatforms) = preSolution
		Debug|Any CPU = Debug|Any CPU
		Release|Any CPU = Release|Any CPU
	EndGlobalSection
	GlobalSection(ProjectConfigurationPlatforms) = postSolution
		{A029BA64-D9DB-47F0-A547-EC13A8CD8B0C}.Debug|Any CPU.ActiveCfg = Debug|Any CPU
		{A029BA64-D9DB-47F0-A547-EC13A8CD8B0C}.Debug|Any CPU.Build.0 = Debug|Any CPU
		{A029BA64-D9DB-47F0-A547-EC13A8CD8B0C}.Release|Any CPU.ActiveCfg = Release|Any CPU
		{A029BA64-D9DB-47F0-A547-EC13A8CD8B0C}.Release|Any CPU.Build.0 = Release|Any CPU
	EndGlobalSection
	GlobalSection(SolutionProperties) = preSolution
		HideSolutionNode = FALSE
	EndGlobalSection
	GlobalSection(ExtensibilityGlobals) = postSolution
		SolutionGuid = {E9E0FD04-C553-4855-B25B-3A0F5F0F3C8F}
	EndGlobalSection
EndGlobal
